
Microsoft Visual Studio Solution File, Format Version 12.00
# Visual Studio Version 16
VisualStudioVersion = 16.0.30523.141
MinimumVisualStudioVersion = 10.0.40219.1
Project("{FAE04EC0-301F-11D3-BF4B-00C04F79EFBC}") = "SelectCourseWindowApp", "SelectCourseWindowApp\SelectCourseWindowApp.csproj", "{274391A4-52C7-4F45-A652-A70E62FDB947}"
EndProject
Global
	GlobalSection(SolutionConfigurationPlatforms) = preSolution
		Debug|Any CPU = Debug|Any CPU
		Release|Any CPU = Release|Any CPU
	EndGlobalSection
	GlobalSection(ProjectConfigurationPlatforms) = postSolution
		{274391A4-52C7-4F45-A652-A70E62FDB947}.Debug|Any CPU.ActiveCfg = Debug|Any CPU
		{274391A4-52C7-4F45-A652-A70E62FDB947}.Debug|Any CPU.Build.0 = Debug|Any CPU
		{274391A4-52C7-4F45-A652-A70E62FDB947}.Release|Any CPU.ActiveCfg = Release|Any CPU
		{274391A4-52C7-4F45-A652-A70E62FDB947}.Release|Any CPU.Build.0 = Release|Any CPU
	EndGlobalSection
	GlobalSection(SolutionProperties) = preSolution
		HideSolutionNode = FALSE
	EndGlobalSection
	GlobalSection(ExtensibilityGlobals) = postSolution
		SolutionGuid = {EAF08DD6-8E78-4665-B5C1-F9639AD4DF11}
	EndGlobalSection
EndGlobal
