
Microsoft Visual Studio Solution File, Format Version 12.00
# Visual Studio Version 16
VisualStudioVersion = 16.0.31313.79
MinimumVisualStudioVersion = 10.0.40219.1
Project("{FAE04EC0-301F-11D3-BF4B-00C04F79EFBC}") = "Insem-1-Q3_202012093", "Insem-1-Q3_202012093\Insem-1-Q3_202012093.csproj", "{EF8890A1-5724-465F-85E2-559E21154EEC}"
EndProject
Global
	GlobalSection(SolutionConfigurationPlatforms) = preSolution
		Debug|Any CPU = Debug|Any CPU
		Release|Any CPU = Release|Any CPU
	EndGlobalSection
	GlobalSection(ProjectConfigurationPlatforms) = postSolution
		{EF8890A1-5724-465F-85E2-559E21154EEC}.Debug|Any CPU.ActiveCfg = Debug|Any CPU
		{EF8890A1-5724-465F-85E2-559E21154EEC}.Debug|Any CPU.Build.0 = Debug|Any CPU
		{EF8890A1-5724-465F-85E2-559E21154EEC}.Release|Any CPU.ActiveCfg = Release|Any CPU
		{EF8890A1-5724-465F-85E2-559E21154EEC}.Release|Any CPU.Build.0 = Release|Any CPU
	EndGlobalSection
	GlobalSection(SolutionProperties) = preSolution
		HideSolutionNode = FALSE
	EndGlobalSection
	GlobalSection(ExtensibilityGlobals) = postSolution
		SolutionGuid = {17A240F4-67B6-420C-96C2-9E038758FCC9}
	EndGlobalSection
EndGlobal
