
Microsoft Visual Studio Solution File, Format Version 12.00
# Visual Studio Version 16
VisualStudioVersion = 16.0.30523.141
MinimumVisualStudioVersion = 10.0.40219.1
Project("{FAE04EC0-301F-11D3-BF4B-00C04F79EFBC}") = "InotifyWPF", "InotifyWPF\InotifyWPF.csproj", "{091619CC-4636-4538-8156-1FD45D5AAF75}"
EndProject
Global
	GlobalSection(SolutionConfigurationPlatforms) = preSolution
		Debug|Any CPU = Debug|Any CPU
		Release|Any CPU = Release|Any CPU
	EndGlobalSection
	GlobalSection(ProjectConfigurationPlatforms) = postSolution
		{091619CC-4636-4538-8156-1FD45D5AAF75}.Debug|Any CPU.ActiveCfg = Debug|Any CPU
		{091619CC-4636-4538-8156-1FD45D5AAF75}.Debug|Any CPU.Build.0 = Debug|Any CPU
		{091619CC-4636-4538-8156-1FD45D5AAF75}.Release|Any CPU.ActiveCfg = Release|Any CPU
		{091619CC-4636-4538-8156-1FD45D5AAF75}.Release|Any CPU.Build.0 = Release|Any CPU
	EndGlobalSection
	GlobalSection(SolutionProperties) = preSolution
		HideSolutionNode = FALSE
	EndGlobalSection
	GlobalSection(ExtensibilityGlobals) = postSolution
		SolutionGuid = {101D07A5-BF78-4BAD-BF88-DF0AE339AE9D}
	EndGlobalSection
EndGlobal
